
Microsoft Visual Studio Solution File, Format Version 12.00
# Visual Studio Version 16
VisualStudioVersion = 16.0.30717.126
MinimumVisualStudioVersion = 10.0.40219.1
Project("{FAE04EC0-301F-11D3-BF4B-00C04F79EFBC}") = "OfakimTestBoris", "OfakimTestBoris\OfakimTestBoris.csproj", "{8240854A-7E65-475C-BC8A-65C3ED98B236}"
EndProject
Global
	GlobalSection(SolutionConfigurationPlatforms) = preSolution
		Debug|Any CPU = Debug|Any CPU
		Release|Any CPU = Release|Any CPU
	EndGlobalSection
	GlobalSection(ProjectConfigurationPlatforms) = postSolution
		{8240854A-7E65-475C-BC8A-65C3ED98B236}.Debug|Any CPU.ActiveCfg = Debug|Any CPU
		{8240854A-7E65-475C-BC8A-65C3ED98B236}.Debug|Any CPU.Build.0 = Debug|Any CPU
		{8240854A-7E65-475C-BC8A-65C3ED98B236}.Release|Any CPU.ActiveCfg = Release|Any CPU
		{8240854A-7E65-475C-BC8A-65C3ED98B236}.Release|Any CPU.Build.0 = Release|Any CPU
	EndGlobalSection
	GlobalSection(SolutionProperties) = preSolution
		HideSolutionNode = FALSE
	EndGlobalSection
	GlobalSection(ExtensibilityGlobals) = postSolution
		SolutionGuid = {748610BC-6653-4D62-AD5B-458CAFB093E4}
	EndGlobalSection
EndGlobal
